	<Project xmlns="http://schemas.microsoft.com/developer/msbuild/2003">
		<PropertyGroup>
			<ProjectGuid>{BE5B9D4B-616B-4EAD-A59D-A0E466323FA3}</ProjectGuid>
			<ProjectVersion>13.4</ProjectVersion>
			<FrameworkType>None</FrameworkType>
			<MainSource>CircleView.dpr</MainSource>
			<Base>True</Base>
			<Config Condition="'$(Config)'==''">Debug</Config>
			<Platform Condition="'$(Platform)'==''">OSX32</Platform>
			<TargetedPlatforms>4</TargetedPlatforms>
			<AppType>Console</AppType>
		</PropertyGroup>
		<PropertyGroup Condition="'$(Config)'=='Base' or '$(Base)'!=''">
			<Base>true</Base>
		</PropertyGroup>
		<PropertyGroup Condition="('$(Platform)'=='Win64' and '$(Base)'=='true') or '$(Base_Win64)'!=''">
			<Base_Win64>true</Base_Win64>
			<CfgParent>Base</CfgParent>
			<Base>true</Base>
		</PropertyGroup>
		<PropertyGroup Condition="('$(Platform)'=='OSX32' and '$(Base)'=='true') or '$(Base_OSX32)'!=''">
			<Base_OSX32>true</Base_OSX32>
			<CfgParent>Base</CfgParent>
			<Base>true</Base>
		</PropertyGroup>
		<PropertyGroup Condition="('$(Platform)'=='Win32' and '$(Base)'=='true') or '$(Base_Win32)'!=''">
			<Base_Win32>true</Base_Win32>
			<CfgParent>Base</CfgParent>
			<Base>true</Base>
		</PropertyGroup>
		<PropertyGroup Condition="'$(Config)'=='Debug' or '$(Cfg_1)'!=''">
			<Cfg_1>true</Cfg_1>
			<CfgParent>Base</CfgParent>
			<Base>true</Base>
		</PropertyGroup>
		<PropertyGroup Condition="('$(Platform)'=='OSX32' and '$(Cfg_1)'=='true') or '$(Cfg_1_OSX32)'!=''">
			<Cfg_1_OSX32>true</Cfg_1_OSX32>
			<CfgParent>Cfg_1</CfgParent>
			<Cfg_1>true</Cfg_1>
			<Base>true</Base>
		</PropertyGroup>
		<PropertyGroup Condition="('$(Platform)'=='Win32' and '$(Cfg_1)'=='true') or '$(Cfg_1_Win32)'!=''">
			<Cfg_1_Win32>true</Cfg_1_Win32>
			<CfgParent>Cfg_1</CfgParent>
			<Cfg_1>true</Cfg_1>
			<Base>true</Base>
		</PropertyGroup>
		<PropertyGroup Condition="'$(Config)'=='Release' or '$(Cfg_2)'!=''">
			<Cfg_2>true</Cfg_2>
			<CfgParent>Base</CfgParent>
			<Base>true</Base>
		</PropertyGroup>
		<PropertyGroup Condition="'$(Base)'!=''">
			<Manifest_File>None</Manifest_File>
			<VerInfo_Locale>1033</VerInfo_Locale>
			<DCC_UsePackage>bindcompfmx;fmx;rtl;dbrtl;bindcomp;xmlrtl;bindengine;dsnap;fmxase;fmxobj;fmxdae;$(DCC_UsePackage)</DCC_UsePackage>
			<VerInfo_Keys>CompanyName=;FileDescription=;FileVersion=1.0.0.0;InternalName=;LegalCopyright=;LegalTrademarks=;OriginalFilename=;ProductName=;ProductVersion=1.0.0.0</VerInfo_Keys>
			<DCC_DcuOutput>dcu\$(Platform)\$(Config)</DCC_DcuOutput>
			<DCC_ExeOutput>bin\$(Platform)\$(Config)</DCC_ExeOutput>
			<DCC_E>false</DCC_E>
			<DCC_N>false</DCC_N>
			<DCC_S>false</DCC_S>
			<DCC_F>false</DCC_F>
			<DCC_K>false</DCC_K>
		</PropertyGroup>
		<PropertyGroup Condition="'$(Base_Win64)'!=''">
			<DCC_UsePackage>cxVerticalGridRS16;dxdborRS16;dxPScxVGridLnkRS16;cxLibraryRS16;dxLayoutControlRS16;dxorgcRS16;dxCoreRS16;dxPScxPivotGridLnkRS16;cxExportRS16;dxPScxExtCommonRS16;dxNavBarRS16;dxPSdxDBOCLnkRS16;cxSpreadSheetRS16;dxPSCoreRS16;dxPScxTLLnkRS16;dxPScxGridLnkRS16;dxdbtrRS16;cxPageControlRS16;dxPScxSSLnkRS16;dxPScxCommonRS16;vclimg;dxmdsRS16;cxTreeListRS16;cxGridRS16;dxComnRS16;cxEditorsRS16;vclactnband;vcldb;cxPivotGridRS16;dxPSdxDBTVLnkRS16;vcldsnap;bindcompvcl;vcltouch;VclSmp;vcl;dxPSdxOCLnkRS16;dsnapcon;cxDataRS16;dxPSdxFCLnkRS16;dxThemeRS16;dxPScxPCProdRS16;vclx;dxPSLnksRS16;dxFlowChartRS16;dxGDIPlusRS16;dxPSdxLCLnkRS16;$(DCC_UsePackage)</DCC_UsePackage>
		</PropertyGroup>
		<PropertyGroup Condition="'$(Base_OSX32)'!=''">
			<VerInfo_Keys>CFBundleName=$(MSBuildProjectName);CFBundleDisplayName=$(MSBuildProjectName);CFBundleIdentifier=$(MSBuildProjectName);CFBundleVersion=1.0.0.0;CFBundlePackageType=APPL;CFBundleSignature=????;CFBundleAllowMixedLocalizations=YES;CFBundleExecutable=$(MSBuildProjectName)</VerInfo_Keys>
		</PropertyGroup>
		<PropertyGroup Condition="'$(Base_Win32)'!=''">
			<DCC_UsePackage>cxVerticalGridRS16;dxdborRS16;madBasic_;dxPScxVGridLnkRS16;cxLibraryRS16;dxLayoutControlRS16;dxorgcRS16;dxCoreRS16;dxPScxPivotGridLnkRS16;cxExportRS16;dxPScxExtCommonRS16;vcldbx;dxNavBarRS16;dxPSdxDBOCLnkRS16;IndySystem;cxSpreadSheetRS16;dxPSCoreRS16;dxPScxTLLnkRS16;dxPScxGridLnkRS16;dxdbtrRS16;madDisAsm_;cxPageControlRS16;svnui;dxPScxSSLnkRS16;cxPivotGridChartRS16;dxPScxCommonRS16;vclimg;dxmdsRS16;IndyProtocols;cxTreeListRS16;dxSpellCheckerRS16;cxGridRS16;dxComnRS16;fmi;cxEditorsRS16;vclactnband;vcldb;cxPivotGridRS16;dxPSdxDBTVLnkRS16;vcldsnap;bindcompvcl;madExcept_;vcltouch;VclSmp;IndyCore;vcl;dxPSdxOCLnkRS16;dsnapcon;cxDataRS16;dxPSdxFCLnkRS16;dxThemeRS16;dxPScxPCProdRS16;vclx;dxPSLnksRS16;svn;dxtrmdRS16;dxFlowChartRS16;bdertl;dxGDIPlusRS16;dxPSdxLCLnkRS16;$(DCC_UsePackage)</DCC_UsePackage>
			<DCC_Namespace>Winapi;System.Win;Data.Win;Datasnap.Win;Web.Win;Soap.Win;Xml.Win;Bde;$(DCC_Namespace)</DCC_Namespace>
			<VerInfo_Locale>1033</VerInfo_Locale>
			<VerInfo_Keys>CompanyName=;FileDescription=;FileVersion=1.0.0.0;InternalName=;LegalCopyright=;LegalTrademarks=;OriginalFilename=;ProductName=;ProductVersion=1.0.0.0;Comments=</VerInfo_Keys>
		</PropertyGroup>
		<PropertyGroup Condition="'$(Cfg_1)'!=''">
			<DCC_Define>DEBUG;$(DCC_Define)</DCC_Define>
			<DCC_Optimize>false</DCC_Optimize>
			<DCC_GenerateStackFrames>true</DCC_GenerateStackFrames>
			<DCC_DebugInfoInExe>true</DCC_DebugInfoInExe>
			<DCC_RemoteDebug>true</DCC_RemoteDebug>
		</PropertyGroup>
		<PropertyGroup Condition="'$(Cfg_1_OSX32)'!=''">
			<DCC_DebugDCUs>true</DCC_DebugDCUs>
			<VerInfo_Keys>CFBundleName=$(MSBuildProjectName);CFBundleDisplayName=$(MSBuildProjectName);CFBundleIdentifier=$(MSBuildProjectName);CFBundleVersion=1.0.0.0;CFBundlePackageType=APPL;CFBundleSignature=????;CFBundleAllowMixedLocalizations=YES;CFBundleExecutable=$(MSBuildProjectName)</VerInfo_Keys>
			<DCC_ExeOutput>bin\$(Platform)\$(Config)</DCC_ExeOutput>
			<Debugger_Launcher>/usr/X11/bin/xterm -e &quot;%debuggee%&quot;</Debugger_Launcher>
		</PropertyGroup>
		<PropertyGroup Condition="'$(Cfg_1_Win32)'!=''">
			<DCC_RemoteDebug>false</DCC_RemoteDebug>
		</PropertyGroup>
		<PropertyGroup Condition="'$(Cfg_2)'!=''">
			<DCC_LocalDebugSymbols>false</DCC_LocalDebugSymbols>
			<DCC_Define>RELEASE;$(DCC_Define)</DCC_Define>
			<DCC_SymbolReferenceInfo>0</DCC_SymbolReferenceInfo>
			<DCC_DebugInformation>false</DCC_DebugInformation>
		</PropertyGroup>
		<ItemGroup>
			<DelphiCompile Include="$(MainSource)">
				<MainSource>MainSource</MainSource>
			</DelphiCompile>
			<DCCReference Include="impl.pas"/>
			<BuildConfiguration Include="Release">
				<Key>Cfg_2</Key>
				<CfgParent>Base</CfgParent>
			</BuildConfiguration>
			<BuildConfiguration Include="Base">
				<Key>Base</Key>
			</BuildConfiguration>
			<BuildConfiguration Include="Debug">
				<Key>Cfg_1</Key>
				<CfgParent>Base</CfgParent>
			</BuildConfiguration>
		</ItemGroup>
		<ProjectExtensions>
			<Borland.Personality>Delphi.Personality.12</Borland.Personality>
			<Borland.ProjectType/>
			<BorlandProject>
				<Delphi.Personality>
					<VersionInfo>
						<VersionInfo Name="IncludeVerInfo">False</VersionInfo>
						<VersionInfo Name="AutoIncBuild">False</VersionInfo>
						<VersionInfo Name="MajorVer">1</VersionInfo>
						<VersionInfo Name="MinorVer">0</VersionInfo>
						<VersionInfo Name="Release">0</VersionInfo>
						<VersionInfo Name="Build">0</VersionInfo>
						<VersionInfo Name="Debug">False</VersionInfo>
						<VersionInfo Name="PreRelease">False</VersionInfo>
						<VersionInfo Name="Special">False</VersionInfo>
						<VersionInfo Name="Private">False</VersionInfo>
						<VersionInfo Name="DLL">False</VersionInfo>
						<VersionInfo Name="Locale">1033</VersionInfo>
						<VersionInfo Name="CodePage">1252</VersionInfo>
					</VersionInfo>
					<VersionInfoKeys>
						<VersionInfoKeys Name="CompanyName"/>
						<VersionInfoKeys Name="FileDescription"/>
						<VersionInfoKeys Name="FileVersion">1.0.0.0</VersionInfoKeys>
						<VersionInfoKeys Name="InternalName"/>
						<VersionInfoKeys Name="LegalCopyright"/>
						<VersionInfoKeys Name="LegalTrademarks"/>
						<VersionInfoKeys Name="OriginalFilename"/>
						<VersionInfoKeys Name="ProductName"/>
						<VersionInfoKeys Name="ProductVersion">1.0.0.0</VersionInfoKeys>
						<VersionInfoKeys Name="Comments"/>
					</VersionInfoKeys>
					<Source>
						<Source Name="MainSource">CircleView.dpr</Source>
					</Source>
					<Excluded_Packages>
						<Excluded_Packages Name="C:\Program Files (x86)\madCollection\madExcept\BDS9\madExceptWizard_.bpl">madExceptWizard 3.0j  -  www.madshi.net</Excluded_Packages>
						<Excluded_Packages Name="C:\Program Files (x86)\Developer Express.VCL\Library\RS16\dclcxPivotGridOLAPRS16.bpl">ExpressPivotGrid 2 OLAP by Developer Express Inc.</Excluded_Packages>
					</Excluded_Packages>
				</Delphi.Personality>
				<Deployment>
					<DeployFile Class="File" LocalName="Contents\PkgInfo">
						<Platform Name="Win64">
							<RemoteName>PkgInfo</RemoteName>
						</Platform>
						<Platform Name="OSX32">
							<RemoteDir>Contents\</RemoteDir>
							<RemoteName>PkgInfo</RemoteName>
						</Platform>
						<Platform Name="Win32">
							<RemoteName>PkgInfo</RemoteName>
						</Platform>
					</DeployFile>
					<DeployFile Class="File" LocalName="Contents\Resources\English.lproj\InfoPlist.strings">
						<Platform Name="Win64">
							<RemoteName>InfoPlist.strings</RemoteName>
						</Platform>
						<Platform Name="OSX32">
							<RemoteDir>Contents\Resources\English.lproj\</RemoteDir>
							<RemoteName>InfoPlist.strings</RemoteName>
						</Platform>
						<Platform Name="Win32">
							<RemoteName>InfoPlist.strings</RemoteName>
						</Platform>
					</DeployFile>
					<DeployFile Class="File" LocalName="Contents\Info.plist">
						<Platform Name="Win64">
							<RemoteName>Info.plist</RemoteName>
						</Platform>
						<Platform Name="OSX32">
							<RemoteDir>Contents\</RemoteDir>
							<RemoteName>Info.plist</RemoteName>
						</Platform>
						<Platform Name="Win32">
							<RemoteName>Info.plist</RemoteName>
						</Platform>
					</DeployFile>
					<DeployFile Class="ProjectOutput" Configuration="Debug" LocalName="bin\OSX32\Debug\CircleView">
						<Platform Name="OSX32">
							<RemoteDir>Contents\MacOS\</RemoteDir>
						</Platform>
					</DeployFile>
					<DeployFile Class="DependencyModule" LocalName="$(BDS)\Redist\osx32\libcgunwind.1.0.dylib">
						<Platform Name="OSX32">
							<RemoteDir>Contents\MacOS\</RemoteDir>
						</Platform>
					</DeployFile>
					<DeployFile Class="File" LocalName="Contents\Resources\README.rtf">
						<Platform Name="Win64">
							<RemoteName>README.rtf</RemoteName>
						</Platform>
						<Platform Name="OSX32">
							<RemoteDir>Contents\Resources\</RemoteDir>
							<RemoteName>README.rtf</RemoteName>
						</Platform>
						<Platform Name="Win32">
							<RemoteName>README.rtf</RemoteName>
						</Platform>
					</DeployFile>
					<DeployFile Class="File" LocalName="Contents\Resources\English.lproj\MainMenu.nib\objects.nib">
						<Platform Name="Win64">
							<RemoteName>objects.nib</RemoteName>
						</Platform>
						<Platform Name="OSX32">
							<RemoteDir>Contents\Resources\English.lproj\MainMenu.nib\</RemoteDir>
							<RemoteName>objects.nib</RemoteName>
						</Platform>
						<Platform Name="Win32">
							<RemoteName>objects.nib</RemoteName>
						</Platform>
					</DeployFile>
					<DeployFile Class="DebugSymbols" Configuration="Debug" LocalName="bin\OSX32\Debug\CircleView.rsm">
						<Platform Name="OSX32">
							<RemoteDir>Contents\MacOS\</RemoteDir>
							<RemoteName>CircleView.rsm</RemoteName>
						</Platform>
					</DeployFile>
					<DeployClass Name="ProjectOutput" Required="true">
						<Platform Name="OSX32">
							<Operation>1</Operation>
						</Platform>
						<Platform Name="Win32">
							<Operation>0</Operation>
						</Platform>
					</DeployClass>
					<DeployClass Name="DependencyPackage" Required="true">
						<Platform Name="OSX32">
							<Operation>1</Operation>
							<Extensions>.dylib</Extensions>
						</Platform>
						<Platform Name="Win32">
							<Operation>0</Operation>
							<Extensions>.bpl</Extensions>
						</Platform>
					</DeployClass>
					<DeployClass Name="DependencyModule">
						<Platform Name="OSX32">
							<Operation>1</Operation>
							<Extensions>.dylib</Extensions>
						</Platform>
						<Platform Name="Win32">
							<Operation>0</Operation>
							<Extensions>.dll;.bpl</Extensions>
						</Platform>
					</DeployClass>
					<DeployClass Name="ProjectOSXInfoPList"/>
					<DeployClass Name="File">
						<Platform Name="OSX32">
							<Operation>0</Operation>
						</Platform>
						<Platform Name="Win32">
							<Operation>0</Operation>
						</Platform>
					</DeployClass>
					<DeployClass Name="DebugSymbols">
						<Platform Name="OSX32">
							<Operation>1</Operation>
						</Platform>
						<Platform Name="Win32">
							<Operation>0</Operation>
						</Platform>
					</DeployClass>
					<DeployClass Name="DependencyFramework">
						<Platform Name="OSX32">
							<Operation>1</Operation>
							<Extensions>.framework</Extensions>
						</Platform>
						<Platform Name="Win32">
							<Operation>0</Operation>
						</Platform>
					</DeployClass>
					<DeployClass Name="AdditionalDebugSymbols">
						<Platform Name="OSX32">
							<Operation>1</Operation>
						</Platform>
						<Platform Name="Win32">
							<Operation>0</Operation>
						</Platform>
					</DeployClass>
					<DeployClass Name="ProjectOSXResource">
						<Platform Name="OSX32">
							<RemoteDir>Contents\Resources</RemoteDir>
							<Operation>1</Operation>
						</Platform>
					</DeployClass>
					<ProjectRoot Name="$(PROJECTNAME)" Platform="OSX32"/>
					<ProjectRoot Name="$(PROJECTNAME)" Platform="Win64"/>
					<ProjectRoot Name="$(PROJECTNAME)" Platform="Win32"/>
				</Deployment>
				<Platforms>
					<Platform value="Win64">False</Platform>
					<Platform value="OSX32">True</Platform>
					<Platform value="Win32">False</Platform>
				</Platforms>
			</BorlandProject>
			<ProjectFileVersion>12</ProjectFileVersion>
		</ProjectExtensions>
		<Import Condition="Exists('$(BDS)\Bin\CodeGear.Delphi.Targets')" Project="$(BDS)\Bin\CodeGear.Delphi.Targets"/>
		<Import Condition="Exists('$(APPDATA)\Embarcadero\$(BDSAPPDATABASEDIR)\$(PRODUCTVERSION)\UserTools.proj')" Project="$(APPDATA)\Embarcadero\$(BDSAPPDATABASEDIR)\$(PRODUCTVERSION)\UserTools.proj"/>
		<Import Condition="Exists('$(MSBuildProjectName).deployproj')" Project="$(MSBuildProjectName).deployproj"/>
	</Project>
